<?xml version="1.0" encoding="utf-8"?>
<Project ToolsVersion="4.0" xmlns="http://schemas.microsoft.com/developer/msbuild/2003">
  <ItemGroup>
    <Filter Include="源文件">
      <UniqueIdentifier>{4FC737F1-C7A5-4376-A066-2A32D752A2FF}</UniqueIdentifier>
      <Extensions>cpp;c;cc;cxx;def;odl;idl;hpj;bat;asm;asmx</Extensions>
    </Filter>
    <Filter Include="头文件">
      <UniqueIdentifier>{93995380-89BD-4b04-88EB-625FBE52EBFB}</UniqueIdentifier>
      <Extensions>h;hh;hpp;hxx;hm;inl;inc;ipp;xsd</Extensions>
    </Filter>
    <Filter Include="资源文件">
      <UniqueIdentifier>{67DA6AB6-F800-4c08-8B7A-83BB121AAD01}</UniqueIdentifier>
      <Extensions>rc;ico;cur;bmp;dlg;rc2;rct;bin;rgs;gif;jpg;jpeg;jpe;resx;tiff;tif;png;wav;mfcribbon-ms</Extensions>
    </Filter>
    <Filter Include="源文件\剑指">
      <UniqueIdentifier>{b8801a7f-ecf4-442b-be61-d391161b2b03}</UniqueIdentifier>
    </Filter>
    <Filter Include="源文件\LeetCode100">
      <UniqueIdentifier>{b5553bf5-7c3c-40eb-bf61-691d72a94408}</UniqueIdentifier>
    </Filter>
    <Filter Include="源文件\面试">
      <UniqueIdentifier>{17681a4a-b01a-4bfc-b558-32b8ed4d4ee8}</UniqueIdentifier>
    </Filter>
  </ItemGroup>
  <ItemGroup>
    <ClCompile Include="替换空格.cpp">
      <Filter>源文件\剑指</Filter>
    </ClCompile>
    <ClCompile Include="打印从1到最大的n位数.cpp">
      <Filter>源文件\剑指</Filter>
    </ClCompile>
    <ClCompile Include="11_Container_With_Most_Water.cpp">
      <Filter>源文件\LeetCode100</Filter>
    </ClCompile>
    <ClCompile Include="15_3Sum.cpp">
      <Filter>源文件\LeetCode100</Filter>
    </ClCompile>
    <ClCompile Include="16_3Sum_Closest.cpp">
      <Filter>源文件\LeetCode100</Filter>
    </ClCompile>
    <ClCompile Include="17_Letter_Combinations_of_a_Phone_Number.cpp">
      <Filter>源文件\LeetCode100</Filter>
    </ClCompile>
    <ClCompile Include="19_Remove_Nth_Node_From_End_of_List.cpp">
      <Filter>源文件\LeetCode100</Filter>
    </ClCompile>
    <ClCompile Include="20_Valid_Parentheses.cpp">
      <Filter>源文件\LeetCode100</Filter>
    </ClCompile>
    <ClCompile Include="21_Merge_Two_Sorted_Lists.cpp">
      <Filter>源文件\LeetCode100</Filter>
    </ClCompile>
    <ClCompile Include="22_Generate_Parentheses.cpp">
      <Filter>源文件\LeetCode100</Filter>
    </ClCompile>
    <ClCompile Include="23_Merge_k_Sorted_Lists.cpp">
      <Filter>源文件\LeetCode100</Filter>
    </ClCompile>
    <ClCompile Include="24_Swap_Nodes_in_pairs.cpp">
      <Filter>源文件\LeetCode100</Filter>
    </ClCompile>
    <ClCompile Include="31_Next_Permutation.cpp">
      <Filter>源文件\LeetCode100</Filter>
    </ClCompile>
    <ClCompile Include="32_Longest_Valid_Parentheses.cpp">
      <Filter>源文件\LeetCode100</Filter>
    </ClCompile>
    <ClCompile Include="33_Search_in_Rotated_Sorted_Array.cpp">
      <Filter>源文件\LeetCode100</Filter>
    </ClCompile>
    <ClCompile Include="34_Find_F_and_L_position_of_element.cpp">
      <Filter>源文件\LeetCode100</Filter>
    </ClCompile>
    <ClCompile Include="39_combination_Sum.cpp">
      <Filter>源文件\LeetCode100</Filter>
    </ClCompile>
    <ClCompile Include="42_Trapping_Rain_Water.cpp">
      <Filter>源文件\LeetCode100</Filter>
    </ClCompile>
    <ClCompile Include="46_Permutations.cpp">
      <Filter>源文件\LeetCode100</Filter>
    </ClCompile>
    <ClCompile Include="48_Rotate_Image.cpp">
      <Filter>源文件\LeetCode100</Filter>
    </ClCompile>
    <ClCompile Include="49_Group_Anagrams.cpp">
      <Filter>源文件\LeetCode100</Filter>
    </ClCompile>
    <ClCompile Include="51_N-Queens.cpp">
      <Filter>源文件\LeetCode100</Filter>
    </ClCompile>
    <ClCompile Include="53_Maximum_Subarry.cpp">
      <Filter>源文件\LeetCode100</Filter>
    </ClCompile>
    <ClCompile Include="55__Jump_Game.cpp">
      <Filter>源文件\LeetCode100</Filter>
    </ClCompile>
    <ClCompile Include="56_Merge_Intervals.cpp">
      <Filter>源文件\LeetCode100</Filter>
    </ClCompile>
    <ClCompile Include="62_Unique_Path.cpp">
      <Filter>源文件\LeetCode100</Filter>
    </ClCompile>
    <ClCompile Include="64_MInimum_Path_Sum.cpp">
      <Filter>源文件\LeetCode100</Filter>
    </ClCompile>
    <ClCompile Include="70_Climbing_Stairs.cpp">
      <Filter>源文件\LeetCode100</Filter>
    </ClCompile>
    <ClCompile Include="72_Edit_Distance.cpp">
      <Filter>源文件\LeetCode100</Filter>
    </ClCompile>
    <ClCompile Include="75_Sort_Colors.cpp">
      <Filter>源文件\LeetCode100</Filter>
    </ClCompile>
    <ClCompile Include="76_Hard_Minimum_Windows_Substring.cpp">
      <Filter>源文件\LeetCode100</Filter>
    </ClCompile>
    <ClCompile Include="77_Combinations.cpp">
      <Filter>源文件\LeetCode100</Filter>
    </ClCompile>
    <ClCompile Include="78_Subsets.cpp">
      <Filter>源文件\LeetCode100</Filter>
    </ClCompile>
    <ClCompile Include="79_Word_Search.cpp">
      <Filter>源文件\LeetCode100</Filter>
    </ClCompile>
    <ClCompile Include="84_Largest_Rectangle_in_Histogram.cpp">
      <Filter>源文件\LeetCode100</Filter>
    </ClCompile>
    <ClCompile Include="85____________haojiernan.cpp">
      <Filter>源文件\LeetCode100</Filter>
    </ClCompile>
    <ClCompile Include="94_Binary_Tree_InorderTraversal.cpp">
      <Filter>源文件\LeetCode100</Filter>
    </ClCompile>
    <ClCompile Include="96_Unique_Binary_Search_Trees.cpp">
      <Filter>源文件\LeetCode100</Filter>
    </ClCompile>
    <ClCompile Include="98_Validate_Binary_Search_Tree.cpp">
      <Filter>源文件\LeetCode100</Filter>
    </ClCompile>
    <ClCompile Include="101_Symmetric_Tree.cpp">
      <Filter>源文件\LeetCode100</Filter>
    </ClCompile>
    <ClCompile Include="102_Binary_Tree_Level_Order_Traversal.cpp">
      <Filter>源文件\LeetCode100</Filter>
    </ClCompile>
    <ClCompile Include="104_Maximum_Depth_of_Binary_Tree.cpp">
      <Filter>源文件\LeetCode100</Filter>
    </ClCompile>
    <ClCompile Include="105_Construct_Binary_Tree_from_Preorder_and_Inorder_Traversal.cpp">
      <Filter>源文件\LeetCode100</Filter>
    </ClCompile>
    <ClCompile Include="110_.cpp">
      <Filter>源文件\LeetCode100</Filter>
    </ClCompile>
    <ClCompile Include="112_Path_Sum.cpp">
      <Filter>源文件\LeetCode100</Filter>
    </ClCompile>
    <ClCompile Include="114_Flatten_Binary_Tree_to_Linked_List.cpp">
      <Filter>源文件\LeetCode100</Filter>
    </ClCompile>
    <ClCompile Include="121_Best_time_to_Buy_and_sell_stock.cpp">
      <Filter>源文件\LeetCode100</Filter>
    </ClCompile>
    <ClCompile Include="124_Binary_Tree_Maximum_Path_Sum.cpp">
      <Filter>源文件\LeetCode100</Filter>
    </ClCompile>
    <ClCompile Include="127_Word_Ladder.cpp">
      <Filter>源文件\LeetCode100</Filter>
    </ClCompile>
    <ClCompile Include="128_Longest_Consecutive_Sequence.cpp">
      <Filter>源文件\LeetCode100</Filter>
    </ClCompile>
    <ClCompile Include="130.cpp">
      <Filter>源文件\LeetCode100</Filter>
    </ClCompile>
    <ClCompile Include="136_Single_number.cpp">
      <Filter>源文件\LeetCode100</Filter>
    </ClCompile>
    <ClCompile Include="139_Word_Break.cpp">
      <Filter>源文件\LeetCode100</Filter>
    </ClCompile>
    <ClCompile Include="141_Linked_List_Cycle.cpp">
      <Filter>源文件\LeetCode100</Filter>
    </ClCompile>
    <ClCompile Include="142_Linked_List_Cycle_II.cpp">
      <Filter>源文件\LeetCode100</Filter>
    </ClCompile>
    <ClCompile Include="144_Binary_Tree_Preorder_Traversal.cpp">
      <Filter>源文件\LeetCode100</Filter>
    </ClCompile>
    <ClCompile Include="146_H不会.cpp">
      <Filter>源文件\LeetCode100</Filter>
    </ClCompile>
    <ClCompile Include="148_Sort_List.cpp">
      <Filter>源文件\LeetCode100</Filter>
    </ClCompile>
    <ClCompile Include="149_Max_Points_on_a_Lion.cpp">
      <Filter>源文件\LeetCode100</Filter>
    </ClCompile>
    <ClCompile Include="152_Maximum_Product_Subarray.cpp">
      <Filter>源文件\LeetCode100</Filter>
    </ClCompile>
    <ClCompile Include="155_Min_Stack.cpp">
      <Filter>源文件\LeetCode100</Filter>
    </ClCompile>
    <ClCompile Include="160_Intersection_of_Two_Linked_Lists.cpp">
      <Filter>源文件\LeetCode100</Filter>
    </ClCompile>
    <ClCompile Include="169_Majority_Element.cpp">
      <Filter>源文件\LeetCode100</Filter>
    </ClCompile>
    <ClCompile Include="198_House_Robber.cpp">
      <Filter>源文件\LeetCode100</Filter>
    </ClCompile>
    <ClCompile Include="200_Number_of_Island.cpp">
      <Filter>源文件\LeetCode100</Filter>
    </ClCompile>
    <ClCompile Include="203_Remove_Linked_List_Elemrents.cpp">
      <Filter>源文件\LeetCode100</Filter>
    </ClCompile>
    <ClCompile Include="206_Reverse_Linked_List.cpp">
      <Filter>源文件\LeetCode100</Filter>
    </ClCompile>
    <ClCompile Include="207_Course_Schedule.cpp">
      <Filter>源文件\LeetCode100</Filter>
    </ClCompile>
    <ClCompile Include="208_Implement_Trie.cpp">
      <Filter>源文件\LeetCode100</Filter>
    </ClCompile>
    <ClCompile Include="215_Kth_Largest_Element_in_an_Array.cpp">
      <Filter>源文件\LeetCode100</Filter>
    </ClCompile>
    <ClCompile Include="219_Contains_Duplicate_II.cpp">
      <Filter>源文件\LeetCode100</Filter>
    </ClCompile>
    <ClCompile Include="220_Contains_Duplicate_III.cpp">
      <Filter>源文件\LeetCode100</Filter>
    </ClCompile>
    <ClCompile Include="221_Maximal_Square.cpp">
      <Filter>源文件\LeetCode100</Filter>
    </ClCompile>
    <ClCompile Include="226_Invert_binary_Tree.cpp">
      <Filter>源文件\LeetCode100</Filter>
    </ClCompile>
    <ClCompile Include="234_palindrome_Linked_List.cpp">
      <Filter>源文件\LeetCode100</Filter>
    </ClCompile>
    <ClCompile Include="235_Lowest_Common_Ancestor_of_a_Binary_Search_Tree.cpp">
      <Filter>源文件\LeetCode100</Filter>
    </ClCompile>
    <ClCompile Include="236_Lowest_Common_Ancestor_of_a_Binary_Tree.cpp">
      <Filter>源文件\LeetCode100</Filter>
    </ClCompile>
    <ClCompile Include="237_Delete_Node_in_a_Linked_List.cpp">
      <Filter>源文件\LeetCode100</Filter>
    </ClCompile>
    <ClCompile Include="238_Product_of_Array_Except_Self.cpp">
      <Filter>源文件\LeetCode100</Filter>
    </ClCompile>
    <ClCompile Include="239__________Hard.cpp">
      <Filter>源文件\LeetCode100</Filter>
    </ClCompile>
    <ClCompile Include="240_Search_a_2D_Matrix_II.cpp">
      <Filter>源文件\LeetCode100</Filter>
    </ClCompile>
    <ClCompile Include="253————.cpp">
      <Filter>源文件\LeetCode100</Filter>
    </ClCompile>
    <ClCompile Include="257_Binary_Tree_Paths.cpp">
      <Filter>源文件\LeetCode100</Filter>
    </ClCompile>
    <ClCompile Include="279_Perfect_Squares.cpp">
      <Filter>源文件\LeetCode100</Filter>
    </ClCompile>
    <ClCompile Include="283_Move_Zeros.cpp">
      <Filter>源文件\LeetCode100</Filter>
    </ClCompile>
    <ClCompile Include="287_Find_the_duplicate_Number.cpp">
      <Filter>源文件\LeetCode100</Filter>
    </ClCompile>
    <ClCompile Include="297_________H.cpp">
      <Filter>源文件\LeetCode100</Filter>
    </ClCompile>
    <ClCompile Include="300_Longest_Increasing_Subsequence.cpp">
      <Filter>源文件\LeetCode100</Filter>
    </ClCompile>
    <ClCompile Include="301_________H.cpp">
      <Filter>源文件\LeetCode100</Filter>
    </ClCompile>
    <ClCompile Include="309_Best_Time_to_Buy_and_Sell_Stock_with_Cooldown.cpp">
      <Filter>源文件\LeetCode100</Filter>
    </ClCompile>
    <ClCompile Include="312_________H.cpp">
      <Filter>源文件\LeetCode100</Filter>
    </ClCompile>
    <ClCompile Include="322_Coins_Change.cpp">
      <Filter>源文件\LeetCode100</Filter>
    </ClCompile>
    <ClCompile Include="337_House_Robber_III.cpp">
      <Filter>源文件\LeetCode100</Filter>
    </ClCompile>
    <ClCompile Include="338_Counting_Bits.cpp">
      <Filter>源文件\LeetCode100</Filter>
    </ClCompile>
    <ClCompile Include="343_Integer_Break.cpp">
      <Filter>源文件\LeetCode100</Filter>
    </ClCompile>
    <ClCompile Include="347_Top_K_Frequent_Element.cpp">
      <Filter>源文件\LeetCode100</Filter>
    </ClCompile>
    <ClCompile Include="394_Decode_String.cpp">
      <Filter>源文件\LeetCode100</Filter>
    </ClCompile>
    <ClCompile Include="406.cpp">
      <Filter>源文件\LeetCode100</Filter>
    </ClCompile>
    <ClCompile Include="416_Partition_Equal_Subset_Sum.cpp">
      <Filter>源文件\LeetCode100</Filter>
    </ClCompile>
    <ClCompile Include="447_Number_of_Boomerangs.cpp">
      <Filter>源文件\LeetCode100</Filter>
    </ClCompile>
    <ClCompile Include="454_4Sum_II.cpp">
      <Filter>源文件\LeetCode100</Filter>
    </ClCompile>
    <ClCompile Include="455_Assign_Cookies.cpp">
      <Filter>源文件\LeetCode100</Filter>
    </ClCompile>
    <ClCompile Include="10_Regular_Expression_Matching.cpp">
      <Filter>源文件\LeetCode100</Filter>
    </ClCompile>
    <ClCompile Include="5_Longest_Palindromic_Substring.cpp">
      <Filter>源文件\LeetCode100</Filter>
    </ClCompile>
    <ClCompile Include="4_Hard_Median_of_Two_Sorted_Arrays.cpp">
      <Filter>源文件\LeetCode100</Filter>
    </ClCompile>
    <ClCompile Include="3_Longest_Substring_Without_Repeating_Characters.cpp">
      <Filter>源文件\LeetCode100</Filter>
    </ClCompile>
    <ClCompile Include="2_Add_Two_Numbers.cpp">
      <Filter>源文件\LeetCode100</Filter>
    </ClCompile>
    <ClCompile Include="1_Two_Sum.cpp">
      <Filter>源文件\LeetCode100</Filter>
    </ClCompile>
    <ClCompile Include="0_Knapsack01.cpp">
      <Filter>源文件\LeetCode100</Filter>
    </ClCompile>
    <ClCompile Include="0_KMP.cpp">
      <Filter>源文件\LeetCode100</Filter>
    </ClCompile>
    <ClCompile Include="0_hashTable_分离连接.cpp">
      <Filter>源文件\LeetCode100</Filter>
    </ClCompile>
    <ClCompile Include="0_hash_Table_使用探测法.cpp">
      <Filter>源文件\LeetCode100</Filter>
    </ClCompile>
    <ClCompile Include="线程同步.cpp">
      <Filter>源文件\面试</Filter>
    </ClCompile>
    <ClCompile Include="543333.cpp">
      <Filter>源文件\LeetCode100</Filter>
    </ClCompile>
    <ClCompile Include="58111.cpp">
      <Filter>源文件\LeetCode100</Filter>
    </ClCompile>
    <ClCompile Include="回文子串.cpp">
      <Filter>源文件\面试</Filter>
    </ClCompile>
    <ClCompile Include="memcopy.cpp">
      <Filter>源文件\面试</Filter>
    </ClCompile>
    <ClCompile Include="StrToInt.cpp">
      <Filter>源文件\面试</Filter>
    </ClCompile>
  </ItemGroup>
</Project>